// !$*UTF8*$!
{
	archiveVersion = 1;
	classes = {
	};
	objectVersion = 46;
	objects = {

/* Begin PBXBuildFile section */
		D24627511B39D38F00A5C296 /* ThesaurusTableViewController.m in Sources */ = {isa = PBXBuildFile; fileRef = D24627501B39D38F00A5C296 /* ThesaurusTableViewController.m */; };
		D27C32C31B43395900AA9FCD /* StanzifestoViewController.m in Sources */ = {isa = PBXBuildFile; fileRef = D27C32C21B43395900AA9FCD /* StanzifestoViewController.m */; };
		D27C32FB1B44462A00AA9FCD /* AboutTabBarController.m in Sources */ = {isa = PBXBuildFile; fileRef = D27C32FA1B44462A00AA9FCD /* AboutTabBarController.m */; };
		D27C32FE1B44554C00AA9FCD /* LimerickViewController.m in Sources */ = {isa = PBXBuildFile; fileRef = D27C32FD1B44554C00AA9FCD /* LimerickViewController.m */; };
		D27C33011B44562500AA9FCD /* SonnetViewController.m in Sources */ = {isa = PBXBuildFile; fileRef = D27C33001B44562500AA9FCD /* SonnetViewController.m */; };
		D27C33041B4456ED00AA9FCD /* BalladViewController.m in Sources */ = {isa = PBXBuildFile; fileRef = D27C33031B4456ED00AA9FCD /* BalladViewController.m */; };
		D27C33071B445A4F00AA9FCD /* SearchListTableTableViewController.m in Sources */ = {isa = PBXBuildFile; fileRef = D27C33061B445A4F00AA9FCD /* SearchListTableTableViewController.m */; };
		D2932A001B1A15B500531AF0 /* main.m in Sources */ = {isa = PBXBuildFile; fileRef = D29329FF1B1A15B500531AF0 /* main.m */; };
		D2932A031B1A15B500531AF0 /* AppDelegate.m in Sources */ = {isa = PBXBuildFile; fileRef = D2932A021B1A15B500531AF0 /* AppDelegate.m */; };
		D2932A061B1A15B500531AF0 /* MainViewController.m in Sources */ = {isa = PBXBuildFile; fileRef = D2932A051B1A15B500531AF0 /* MainViewController.m */; };
		D2932A091B1A15B500531AF0 /* Main.storyboard in Resources */ = {isa = PBXBuildFile; fileRef = D2932A071B1A15B500531AF0 /* Main.storyboard */; };
		D2932A0B1B1A15B500531AF0 /* Images.xcassets in Resources */ = {isa = PBXBuildFile; fileRef = D2932A0A1B1A15B500531AF0 /* Images.xcassets */; };
		D2932A0E1B1A15B500531AF0 /* LaunchScreen.xib in Resources */ = {isa = PBXBuildFile; fileRef = D2932A0C1B1A15B500531AF0 /* LaunchScreen.xib */; };
		D2932A1A1B1A15B500531AF0 /* StanzanatorTests.m in Sources */ = {isa = PBXBuildFile; fileRef = D2932A191B1A15B500531AF0 /* StanzanatorTests.m */; };
		D2932A251B1A20B200531AF0 /* ProfileViewController.m in Sources */ = {isa = PBXBuildFile; fileRef = D2932A241B1A20B200531AF0 /* ProfileViewController.m */; };
		D2932A281B1A283C00531AF0 /* StanzaViewController.m in Sources */ = {isa = PBXBuildFile; fileRef = D2932A271B1A283C00531AF0 /* StanzaViewController.m */; };
		D2932A341B1A3B5A00531AF0 /* SearchViewController.m in Sources */ = {isa = PBXBuildFile; fileRef = D2932A331B1A3B5A00531AF0 /* SearchViewController.m */; };
		D2932A371B1A436300531AF0 /* TitleTableTableViewController.m in Sources */ = {isa = PBXBuildFile; fileRef = D2932A361B1A436300531AF0 /* TitleTableTableViewController.m */; };
		D2932AB61B1CCDD700531AF0 /* Poem.m in Sources */ = {isa = PBXBuildFile; fileRef = D2932AB51B1CCDD700531AF0 /* Poem.m */; };
		D2932AB91B1CCE0500531AF0 /* PoemController.m in Sources */ = {isa = PBXBuildFile; fileRef = D2932AB81B1CCE0500531AF0 /* PoemController.m */; };
		D2932ABF1B1CCE4B00531AF0 /* ProfileController.m in Sources */ = {isa = PBXBuildFile; fileRef = D2932ABE1B1CCE4B00531AF0 /* ProfileController.m */; };
		D2932AC71B1CD26B00531AF0 /* Bolts.framework in Frameworks */ = {isa = PBXBuildFile; fileRef = D2932AC11B1CD26B00531AF0 /* Bolts.framework */; };
		D2932AC81B1CD26B00531AF0 /* Parse.framework in Frameworks */ = {isa = PBXBuildFile; fileRef = D2932AC21B1CD26B00531AF0 /* Parse.framework */; };
		D2932AC91B1CD26B00531AF0 /* ParseCrashReporting.framework in Frameworks */ = {isa = PBXBuildFile; fileRef = D2932AC31B1CD26B00531AF0 /* ParseCrashReporting.framework */; };
		D2932ACA1B1CD26B00531AF0 /* ParseFacebookUtils.framework in Frameworks */ = {isa = PBXBuildFile; fileRef = D2932AC41B1CD26B00531AF0 /* ParseFacebookUtils.framework */; };
		D2932ACB1B1CD26B00531AF0 /* ParseFacebookUtilsV4.framework in Frameworks */ = {isa = PBXBuildFile; fileRef = D2932AC51B1CD26B00531AF0 /* ParseFacebookUtilsV4.framework */; };
		D2932ACC1B1CD26B00531AF0 /* ParseUI.framework in Frameworks */ = {isa = PBXBuildFile; fileRef = D2932AC61B1CD26B00531AF0 /* ParseUI.framework */; };
		D2932ACE1B1CD2A700531AF0 /* AudioToolbox.framework in Frameworks */ = {isa = PBXBuildFile; fileRef = D2932ACD1B1CD2A700531AF0 /* AudioToolbox.framework */; };
		D2932AD01B1CD2BA00531AF0 /* CFNetwork.framework in Frameworks */ = {isa = PBXBuildFile; fileRef = D2932ACF1B1CD2BA00531AF0 /* CFNetwork.framework */; };
		D2932AD21B1CD2C700531AF0 /* CoreGraphics.framework in Frameworks */ = {isa = PBXBuildFile; fileRef = D2932AD11B1CD2C700531AF0 /* CoreGraphics.framework */; };
		D2932AD41B1CD2D300531AF0 /* CoreLocation.framework in Frameworks */ = {isa = PBXBuildFile; fileRef = D2932AD31B1CD2D300531AF0 /* CoreLocation.framework */; };
		D2932AD61B1CD2DC00531AF0 /* MobileCoreServices.framework in Frameworks */ = {isa = PBXBuildFile; fileRef = D2932AD51B1CD2DC00531AF0 /* MobileCoreServices.framework */; };
		D2932AD81B1CD2E800531AF0 /* QuartzCore.framework in Frameworks */ = {isa = PBXBuildFile; fileRef = D2932AD71B1CD2E800531AF0 /* QuartzCore.framework */; };
		D2932ADA1B1CD2F400531AF0 /* Security.framework in Frameworks */ = {isa = PBXBuildFile; fileRef = D2932AD91B1CD2F400531AF0 /* Security.framework */; };
		D2932ADC1B1CD30000531AF0 /* StoreKit.framework in Frameworks */ = {isa = PBXBuildFile; fileRef = D2932ADB1B1CD30000531AF0 /* StoreKit.framework */; };
		D2932ADE1B1CD30F00531AF0 /* SystemConfiguration.framework in Frameworks */ = {isa = PBXBuildFile; fileRef = D2932ADD1B1CD30F00531AF0 /* SystemConfiguration.framework */; };
		D2932AE01B1CD32300531AF0 /* libz.dylib in Frameworks */ = {isa = PBXBuildFile; fileRef = D2932ADF1B1CD32300531AF0 /* libz.dylib */; };
		D2932AE21B1CD33600531AF0 /* libsqlite3.dylib in Frameworks */ = {isa = PBXBuildFile; fileRef = D2932AE11B1CD33600531AF0 /* libsqlite3.dylib */; };
		D2932AE41B1CD34500531AF0 /* Accounts.framework in Frameworks */ = {isa = PBXBuildFile; fileRef = D2932AE31B1CD34500531AF0 /* Accounts.framework */; };
		D2932AE61B1CD34E00531AF0 /* Social.framework in Frameworks */ = {isa = PBXBuildFile; fileRef = D2932AE51B1CD34E00531AF0 /* Social.framework */; };
		D2932B5F1B1E5B5F00531AF0 /* PoemToReadViewController.m in Sources */ = {isa = PBXBuildFile; fileRef = D2932B5E1B1E5B5F00531AF0 /* PoemToReadViewController.m */; };
		D2A4EF531B3DA347006F19FE /* Thesaurus.m in Sources */ = {isa = PBXBuildFile; fileRef = D2A4EF521B3DA347006F19FE /* Thesaurus.m */; };
		D2A4EF561B3DC01F006F19FE /* ThesaurusController.m in Sources */ = {isa = PBXBuildFile; fileRef = D2A4EF551B3DC01F006F19FE /* ThesaurusController.m */; };
		D2DBC0FB1B3369840079C15A /* CustomCellTableViewCell.m in Sources */ = {isa = PBXBuildFile; fileRef = D2DBC0FA1B3369840079C15A /* CustomCellTableViewCell.m */; };
/* End PBXBuildFile section */

/* Begin PBXContainerItemProxy section */
		D2932A141B1A15B500531AF0 /* PBXContainerItemProxy */ = {
			isa = PBXContainerItemProxy;
			containerPortal = D29329F21B1A15B500531AF0 /* Project object */;
			proxyType = 1;
			remoteGlobalIDString = D29329F91B1A15B500531AF0;
			remoteInfo = Stanzanator;
		};
/* End PBXContainerItemProxy section */

/* Begin PBXFileReference section */
		D246274F1B39D38F00A5C296 /* ThesaurusTableViewController.h */ = {isa = PBXFileReference; fileEncoding = 4; lastKnownFileType = sourcecode.c.h; path = ThesaurusTableViewController.h; sourceTree = "<group>"; };
		D24627501B39D38F00A5C296 /* ThesaurusTableViewController.m */ = {isa = PBXFileReference; fileEncoding = 4; lastKnownFileType = sourcecode.c.objc; path = ThesaurusTableViewController.m; sourceTree = "<group>"; };
		D27C32C11B43395900AA9FCD /* StanzifestoViewController.h */ = {isa = PBXFileReference; fileEncoding = 4; lastKnownFileType = sourcecode.c.h; path = StanzifestoViewController.h; sourceTree = "<group>"; };
		D27C32C21B43395900AA9FCD /* StanzifestoViewController.m */ = {isa = PBXFileReference; fileEncoding = 4; lastKnownFileType = sourcecode.c.objc; path = StanzifestoViewController.m; sourceTree = "<group>"; };
		D27C32F91B44462A00AA9FCD /* AboutTabBarController.h */ = {isa = PBXFileReference; fileEncoding = 4; lastKnownFileType = sourcecode.c.h; path = AboutTabBarController.h; sourceTree = "<group>"; };
		D27C32FA1B44462A00AA9FCD /* AboutTabBarController.m */ = {isa = PBXFileReference; fileEncoding = 4; lastKnownFileType = sourcecode.c.objc; path = AboutTabBarController.m; sourceTree = "<group>"; };
		D27C32FC1B44554C00AA9FCD /* LimerickViewController.h */ = {isa = PBXFileReference; fileEncoding = 4; lastKnownFileType = sourcecode.c.h; path = LimerickViewController.h; sourceTree = "<group>"; };
		D27C32FD1B44554C00AA9FCD /* LimerickViewController.m */ = {isa = PBXFileReference; fileEncoding = 4; lastKnownFileType = sourcecode.c.objc; path = LimerickViewController.m; sourceTree = "<group>"; };
		D27C32FF1B44562500AA9FCD /* SonnetViewController.h */ = {isa = PBXFileReference; fileEncoding = 4; lastKnownFileType = sourcecode.c.h; path = SonnetViewController.h; sourceTree = "<group>"; };
		D27C33001B44562500AA9FCD /* SonnetViewController.m */ = {isa = PBXFileReference; fileEncoding = 4; lastKnownFileType = sourcecode.c.objc; path = SonnetViewController.m; sourceTree = "<group>"; };
		D27C33021B4456ED00AA9FCD /* BalladViewController.h */ = {isa = PBXFileReference; fileEncoding = 4; lastKnownFileType = sourcecode.c.h; path = BalladViewController.h; sourceTree = "<group>"; };
		D27C33031B4456ED00AA9FCD /* BalladViewController.m */ = {isa = PBXFileReference; fileEncoding = 4; lastKnownFileType = sourcecode.c.objc; path = BalladViewController.m; sourceTree = "<group>"; };
		D27C33051B445A4F00AA9FCD /* SearchListTableTableViewController.h */ = {isa = PBXFileReference; fileEncoding = 4; lastKnownFileType = sourcecode.c.h; path = SearchListTableTableViewController.h; sourceTree = "<group>"; };
		D27C33061B445A4F00AA9FCD /* SearchListTableTableViewController.m */ = {isa = PBXFileReference; fileEncoding = 4; lastKnownFileType = sourcecode.c.objc; path = SearchListTableTableViewController.m; sourceTree = "<group>"; };
		D29329FA1B1A15B500531AF0 /* Stanzanator.app */ = {isa = PBXFileReference; explicitFileType = wrapper.application; includeInIndex = 0; path = Stanzanator.app; sourceTree = BUILT_PRODUCTS_DIR; };
		D29329FE1B1A15B500531AF0 /* Info.plist */ = {isa = PBXFileReference; lastKnownFileType = text.plist.xml; path = Info.plist; sourceTree = "<group>"; };
		D29329FF1B1A15B500531AF0 /* main.m */ = {isa = PBXFileReference; lastKnownFileType = sourcecode.c.objc; path = main.m; sourceTree = "<group>"; };
		D2932A011B1A15B500531AF0 /* AppDelegate.h */ = {isa = PBXFileReference; lastKnownFileType = sourcecode.c.h; path = AppDelegate.h; sourceTree = "<group>"; };
		D2932A021B1A15B500531AF0 /* AppDelegate.m */ = {isa = PBXFileReference; lastKnownFileType = sourcecode.c.objc; path = AppDelegate.m; sourceTree = "<group>"; };
		D2932A041B1A15B500531AF0 /* MainViewController.h */ = {isa = PBXFileReference; lastKnownFileType = sourcecode.c.h; path = MainViewController.h; sourceTree = "<group>"; };
		D2932A051B1A15B500531AF0 /* MainViewController.m */ = {isa = PBXFileReference; lastKnownFileType = sourcecode.c.objc; path = MainViewController.m; sourceTree = "<group>"; };
		D2932A081B1A15B500531AF0 /* Base */ = {isa = PBXFileReference; lastKnownFileType = file.storyboard; name = Base; path = Base.lproj/Main.storyboard; sourceTree = "<group>"; };
		D2932A0A1B1A15B500531AF0 /* Images.xcassets */ = {isa = PBXFileReference; lastKnownFileType = folder.assetcatalog; path = Images.xcassets; sourceTree = "<group>"; };
		D2932A0D1B1A15B500531AF0 /* Base */ = {isa = PBXFileReference; lastKnownFileType = file.xib; name = Base; path = Base.lproj/LaunchScreen.xib; sourceTree = "<group>"; };
		D2932A131B1A15B500531AF0 /* StanzanatorTests.xctest */ = {isa = PBXFileReference; explicitFileType = wrapper.cfbundle; includeInIndex = 0; path = StanzanatorTests.xctest; sourceTree = BUILT_PRODUCTS_DIR; };
		D2932A181B1A15B500531AF0 /* Info.plist */ = {isa = PBXFileReference; lastKnownFileType = text.plist.xml; path = Info.plist; sourceTree = "<group>"; };
		D2932A191B1A15B500531AF0 /* StanzanatorTests.m */ = {isa = PBXFileReference; lastKnownFileType = sourcecode.c.objc; path = StanzanatorTests.m; sourceTree = "<group>"; };
		D2932A231B1A20B200531AF0 /* ProfileViewController.h */ = {isa = PBXFileReference; fileEncoding = 4; lastKnownFileType = sourcecode.c.h; path = ProfileViewController.h; sourceTree = "<group>"; };
		D2932A241B1A20B200531AF0 /* ProfileViewController.m */ = {isa = PBXFileReference; fileEncoding = 4; lastKnownFileType = sourcecode.c.objc; path = ProfileViewController.m; sourceTree = "<group>"; };
		D2932A261B1A283C00531AF0 /* StanzaViewController.h */ = {isa = PBXFileReference; fileEncoding = 4; lastKnownFileType = sourcecode.c.h; path = StanzaViewController.h; sourceTree = "<group>"; };
		D2932A271B1A283C00531AF0 /* StanzaViewController.m */ = {isa = PBXFileReference; fileEncoding = 4; lastKnownFileType = sourcecode.c.objc; path = StanzaViewController.m; sourceTree = "<group>"; };
		D2932A321B1A3B5A00531AF0 /* SearchViewController.h */ = {isa = PBXFileReference; fileEncoding = 4; lastKnownFileType = sourcecode.c.h; path = SearchViewController.h; sourceTree = "<group>"; };
		D2932A331B1A3B5A00531AF0 /* SearchViewController.m */ = {isa = PBXFileReference; fileEncoding = 4; lastKnownFileType = sourcecode.c.objc; path = SearchViewController.m; sourceTree = "<group>"; };
		D2932A351B1A436300531AF0 /* TitleTableTableViewController.h */ = {isa = PBXFileReference; fileEncoding = 4; lastKnownFileType = sourcecode.c.h; path = TitleTableTableViewController.h; sourceTree = "<group>"; };
		D2932A361B1A436300531AF0 /* TitleTableTableViewController.m */ = {isa = PBXFileReference; fileEncoding = 4; lastKnownFileType = sourcecode.c.objc; path = TitleTableTableViewController.m; sourceTree = "<group>"; };
		D2932AB41B1CCDD700531AF0 /* Poem.h */ = {isa = PBXFileReference; fileEncoding = 4; lastKnownFileType = sourcecode.c.h; path = Poem.h; sourceTree = "<group>"; };
		D2932AB51B1CCDD700531AF0 /* Poem.m */ = {isa = PBXFileReference; fileEncoding = 4; lastKnownFileType = sourcecode.c.objc; path = Poem.m; sourceTree = "<group>"; };
		D2932AB71B1CCE0500531AF0 /* PoemController.h */ = {isa = PBXFileReference; fileEncoding = 4; lastKnownFileType = sourcecode.c.h; path = PoemController.h; sourceTree = "<group>"; };
		D2932AB81B1CCE0500531AF0 /* PoemController.m */ = {isa = PBXFileReference; fileEncoding = 4; lastKnownFileType = sourcecode.c.objc; path = PoemController.m; sourceTree = "<group>"; };
		D2932ABD1B1CCE4B00531AF0 /* ProfileController.h */ = {isa = PBXFileReference; fileEncoding = 4; lastKnownFileType = sourcecode.c.h; path = ProfileController.h; sourceTree = "<group>"; };
		D2932ABE1B1CCE4B00531AF0 /* ProfileController.m */ = {isa = PBXFileReference; fileEncoding = 4; lastKnownFileType = sourcecode.c.objc; path = ProfileController.m; sourceTree = "<group>"; };
		D2932AC11B1CD26B00531AF0 /* Bolts.framework */ = {isa = PBXFileReference; lastKnownFileType = wrapper.framework; path = Bolts.framework; sourceTree = "<group>"; };
		D2932AC21B1CD26B00531AF0 /* Parse.framework */ = {isa = PBXFileReference; lastKnownFileType = wrapper.framework; path = Parse.framework; sourceTree = "<group>"; };
		D2932AC31B1CD26B00531AF0 /* ParseCrashReporting.framework */ = {isa = PBXFileReference; lastKnownFileType = wrapper.framework; path = ParseCrashReporting.framework; sourceTree = "<group>"; };
		D2932AC41B1CD26B00531AF0 /* ParseFacebookUtils.framework */ = {isa = PBXFileReference; lastKnownFileType = wrapper.framework; path = ParseFacebookUtils.framework; sourceTree = "<group>"; };
		D2932AC51B1CD26B00531AF0 /* ParseFacebookUtilsV4.framework */ = {isa = PBXFileReference; lastKnownFileType = wrapper.framework; path = ParseFacebookUtilsV4.framework; sourceTree = "<group>"; };
		D2932AC61B1CD26B00531AF0 /* ParseUI.framework */ = {isa = PBXFileReference; lastKnownFileType = wrapper.framework; path = ParseUI.framework; sourceTree = "<group>"; };
		D2932ACD1B1CD2A700531AF0 /* AudioToolbox.framework */ = {isa = PBXFileReference; lastKnownFileType = wrapper.framework; name = AudioToolbox.framework; path = System/Library/Frameworks/AudioToolbox.framework; sourceTree = SDKROOT; };
		D2932ACF1B1CD2BA00531AF0 /* CFNetwork.framework */ = {isa = PBXFileReference; lastKnownFileType = wrapper.framework; name = CFNetwork.framework; path = System/Library/Frameworks/CFNetwork.framework; sourceTree = SDKROOT; };
		D2932AD11B1CD2C700531AF0 /* CoreGraphics.framework */ = {isa = PBXFileReference; lastKnownFileType = wrapper.framework; name = CoreGraphics.framework; path = System/Library/Frameworks/CoreGraphics.framework; sourceTree = SDKROOT; };
		D2932AD31B1CD2D300531AF0 /* CoreLocation.framework */ = {isa = PBXFileReference; lastKnownFileType = wrapper.framework; name = CoreLocation.framework; path = System/Library/Frameworks/CoreLocation.framework; sourceTree = SDKROOT; };
		D2932AD51B1CD2DC00531AF0 /* MobileCoreServices.framework */ = {isa = PBXFileReference; lastKnownFileType = wrapper.framework; name = MobileCoreServices.framework; path = System/Library/Frameworks/MobileCoreServices.framework; sourceTree = SDKROOT; };
		D2932AD71B1CD2E800531AF0 /* QuartzCore.framework */ = {isa = PBXFileReference; lastKnownFileType = wrapper.framework; name = QuartzCore.framework; path = System/Library/Frameworks/QuartzCore.framework; sourceTree = SDKROOT; };
		D2932AD91B1CD2F400531AF0 /* Security.framework */ = {isa = PBXFileReference; lastKnownFileType = wrapper.framework; name = Security.framework; path = System/Library/Frameworks/Security.framework; sourceTree = SDKROOT; };
		D2932ADB1B1CD30000531AF0 /* StoreKit.framework */ = {isa = PBXFileReference; lastKnownFileType = wrapper.framework; name = StoreKit.framework; path = System/Library/Frameworks/StoreKit.framework; sourceTree = SDKROOT; };
		D2932ADD1B1CD30F00531AF0 /* SystemConfiguration.framework */ = {isa = PBXFileReference; lastKnownFileType = wrapper.framework; name = SystemConfiguration.framework; path = System/Library/Frameworks/SystemConfiguration.framework; sourceTree = SDKROOT; };
		D2932ADF1B1CD32300531AF0 /* libz.dylib */ = {isa = PBXFileReference; lastKnownFileType = "compiled.mach-o.dylib"; name = libz.dylib; path = usr/lib/libz.dylib; sourceTree = SDKROOT; };
		D2932AE11B1CD33600531AF0 /* libsqlite3.dylib */ = {isa = PBXFileReference; lastKnownFileType = "compiled.mach-o.dylib"; name = libsqlite3.dylib; path = usr/lib/libsqlite3.dylib; sourceTree = SDKROOT; };
		D2932AE31B1CD34500531AF0 /* Accounts.framework */ = {isa = PBXFileReference; lastKnownFileType = wrapper.framework; name = Accounts.framework; path = System/Library/Frameworks/Accounts.framework; sourceTree = SDKROOT; };
		D2932AE51B1CD34E00531AF0 /* Social.framework */ = {isa = PBXFileReference; lastKnownFileType = wrapper.framework; name = Social.framework; path = System/Library/Frameworks/Social.framework; sourceTree = SDKROOT; };
		D2932B5D1B1E5B5F00531AF0 /* PoemToReadViewController.h */ = {isa = PBXFileReference; fileEncoding = 4; lastKnownFileType = sourcecode.c.h; path = PoemToReadViewController.h; sourceTree = "<group>"; };
		D2932B5E1B1E5B5F00531AF0 /* PoemToReadViewController.m */ = {isa = PBXFileReference; fileEncoding = 4; lastKnownFileType = sourcecode.c.objc; path = PoemToReadViewController.m; sourceTree = "<group>"; };
		D2A4EF511B3DA347006F19FE /* Thesaurus.h */ = {isa = PBXFileReference; fileEncoding = 4; lastKnownFileType = sourcecode.c.h; path = Thesaurus.h; sourceTree = "<group>"; };
		D2A4EF521B3DA347006F19FE /* Thesaurus.m */ = {isa = PBXFileReference; fileEncoding = 4; lastKnownFileType = sourcecode.c.objc; path = Thesaurus.m; sourceTree = "<group>"; };
		D2A4EF541B3DC01F006F19FE /* ThesaurusController.h */ = {isa = PBXFileReference; fileEncoding = 4; lastKnownFileType = sourcecode.c.h; path = ThesaurusController.h; sourceTree = "<group>"; };
		D2A4EF551B3DC01F006F19FE /* ThesaurusController.m */ = {isa = PBXFileReference; fileEncoding = 4; lastKnownFileType = sourcecode.c.objc; path = ThesaurusController.m; sourceTree = "<group>"; };
		D2DBC0F91B3369840079C15A /* CustomCellTableViewCell.h */ = {isa = PBXFileReference; fileEncoding = 4; lastKnownFileType = sourcecode.c.h; path = CustomCellTableViewCell.h; sourceTree = "<group>"; };
		D2DBC0FA1B3369840079C15A /* CustomCellTableViewCell.m */ = {isa = PBXFileReference; fileEncoding = 4; lastKnownFileType = sourcecode.c.objc; path = CustomCellTableViewCell.m; sourceTree = "<group>"; };
/* End PBXFileReference section */

/* Begin PBXFrameworksBuildPhase section */
		D29329F71B1A15B500531AF0 /* Frameworks */ = {
			isa = PBXFrameworksBuildPhase;
			buildActionMask = 2147483647;
			files = (
				D2932AE61B1CD34E00531AF0 /* Social.framework in Frameworks */,
				D2932AE41B1CD34500531AF0 /* Accounts.framework in Frameworks */,
				D2932AE21B1CD33600531AF0 /* libsqlite3.dylib in Frameworks */,
				D2932AE01B1CD32300531AF0 /* libz.dylib in Frameworks */,
				D2932ADE1B1CD30F00531AF0 /* SystemConfiguration.framework in Frameworks */,
				D2932ADC1B1CD30000531AF0 /* StoreKit.framework in Frameworks */,
				D2932ADA1B1CD2F400531AF0 /* Security.framework in Frameworks */,
				D2932AD81B1CD2E800531AF0 /* QuartzCore.framework in Frameworks */,
				D2932AD61B1CD2DC00531AF0 /* MobileCoreServices.framework in Frameworks */,
				D2932AD41B1CD2D300531AF0 /* CoreLocation.framework in Frameworks */,
				D2932AD21B1CD2C700531AF0 /* CoreGraphics.framework in Frameworks */,
				D2932AD01B1CD2BA00531AF0 /* CFNetwork.framework in Frameworks */,
				D2932ACE1B1CD2A700531AF0 /* AudioToolbox.framework in Frameworks */,
				D2932ACC1B1CD26B00531AF0 /* ParseUI.framework in Frameworks */,
				D2932AC81B1CD26B00531AF0 /* Parse.framework in Frameworks */,
				D2932AC91B1CD26B00531AF0 /* ParseCrashReporting.framework in Frameworks */,
				D2932ACA1B1CD26B00531AF0 /* ParseFacebookUtils.framework in Frameworks */,
				D2932AC71B1CD26B00531AF0 /* Bolts.framework in Frameworks */,
				D2932ACB1B1CD26B00531AF0 /* ParseFacebookUtilsV4.framework in Frameworks */,
			);
			runOnlyForDeploymentPostprocessing = 0;
		};
		D2932A101B1A15B500531AF0 /* Frameworks */ = {
			isa = PBXFrameworksBuildPhase;
			buildActionMask = 2147483647;
			files = (
			);
			runOnlyForDeploymentPostprocessing = 0;
		};
/* End PBXFrameworksBuildPhase section */

/* Begin PBXGroup section */
		D29329F11B1A15B500531AF0 = {
			isa = PBXGroup;
			children = (
				D29329FC1B1A15B500531AF0 /* Stanzanator */,
				D2932A161B1A15B500531AF0 /* StanzanatorTests */,
				D29329FB1B1A15B500531AF0 /* Products */,
			);
			sourceTree = "<group>";
		};
		D29329FB1B1A15B500531AF0 /* Products */ = {
			isa = PBXGroup;
			children = (
				D29329FA1B1A15B500531AF0 /* Stanzanator.app */,
				D2932A131B1A15B500531AF0 /* StanzanatorTests.xctest */,
			);
			name = Products;
			sourceTree = "<group>";
		};
		D29329FC1B1A15B500531AF0 /* Stanzanator */ = {
			isa = PBXGroup;
			children = (
				D2DBC0F91B3369840079C15A /* CustomCellTableViewCell.h */,
				D2DBC0FA1B3369840079C15A /* CustomCellTableViewCell.m */,
				D2932A011B1A15B500531AF0 /* AppDelegate.h */,
				D2932A021B1A15B500531AF0 /* AppDelegate.m */,
				D2932A041B1A15B500531AF0 /* MainViewController.h */,
				D2932A051B1A15B500531AF0 /* MainViewController.m */,
				D2932A071B1A15B500531AF0 /* Main.storyboard */,
				D27C33021B4456ED00AA9FCD /* BalladViewController.h */,
				D27C33031B4456ED00AA9FCD /* BalladViewController.m */,
				D27C32FF1B44562500AA9FCD /* SonnetViewController.h */,
				D27C33001B44562500AA9FCD /* SonnetViewController.m */,
				D27C32FC1B44554C00AA9FCD /* LimerickViewController.h */,
				D27C32FD1B44554C00AA9FCD /* LimerickViewController.m */,
				D27C32F91B44462A00AA9FCD /* AboutTabBarController.h */,
				D27C32FA1B44462A00AA9FCD /* AboutTabBarController.m */,
				D27C32C11B43395900AA9FCD /* StanzifestoViewController.h */,
				D27C32C21B43395900AA9FCD /* StanzifestoViewController.m */,
				D2A4EF511B3DA347006F19FE /* Thesaurus.h */,
				D2A4EF521B3DA347006F19FE /* Thesaurus.m */,
				D2A4EF541B3DC01F006F19FE /* ThesaurusController.h */,
				D2A4EF551B3DC01F006F19FE /* ThesaurusController.m */,
				D246274F1B39D38F00A5C296 /* ThesaurusTableViewController.h */,
				D24627501B39D38F00A5C296 /* ThesaurusTableViewController.m */,
				D2932B5D1B1E5B5F00531AF0 /* PoemToReadViewController.h */,
				D2932B5E1B1E5B5F00531AF0 /* PoemToReadViewController.m */,
				D27C33051B445A4F00AA9FCD /* SearchListTableTableViewController.h */,
				D27C33061B445A4F00AA9FCD /* SearchListTableTableViewController.m */,
				D2932AB41B1CCDD700531AF0 /* Poem.h */,
				D2932AB51B1CCDD700531AF0 /* Poem.m */,
				D2932AB71B1CCE0500531AF0 /* PoemController.h */,
				D2932AB81B1CCE0500531AF0 /* PoemController.m */,
				D2932A351B1A436300531AF0 /* TitleTableTableViewController.h */,
				D2932A361B1A436300531AF0 /* TitleTableTableViewController.m */,
				D2932A321B1A3B5A00531AF0 /* SearchViewController.h */,
				D2932A331B1A3B5A00531AF0 /* SearchViewController.m */,
				D2932A261B1A283C00531AF0 /* StanzaViewController.h */,
				D2932A271B1A283C00531AF0 /* StanzaViewController.m */,
				D2932A231B1A20B200531AF0 /* ProfileViewController.h */,
				D2932A241B1A20B200531AF0 /* ProfileViewController.m */,
				D2932ABD1B1CCE4B00531AF0 /* ProfileController.h */,
				D2932ABE1B1CCE4B00531AF0 /* ProfileController.m */,
				D2932A0A1B1A15B500531AF0 /* Images.xcassets */,
				D2932A0C1B1A15B500531AF0 /* LaunchScreen.xib */,
				D29329FD1B1A15B500531AF0 /* Supporting Files */,
			);
			path = Stanzanator;
			sourceTree = "<group>";
		};
		D29329FD1B1A15B500531AF0 /* Supporting Files */ = {
			isa = PBXGroup;
			children = (
				D2932AC01B1CD26B00531AF0 /* parse-library-1-3 */,
				D29329FE1B1A15B500531AF0 /* Info.plist */,
				D29329FF1B1A15B500531AF0 /* main.m */,
			);
			name = "Supporting Files";
			sourceTree = "<group>";
		};
		D2932A161B1A15B500531AF0 /* StanzanatorTests */ = {
			isa = PBXGroup;
			children = (
				D2932A191B1A15B500531AF0 /* StanzanatorTests.m */,
				D2932A171B1A15B500531AF0 /* Supporting Files */,
			);
			path = StanzanatorTests;
			sourceTree = "<group>";
		};
		D2932A171B1A15B500531AF0 /* Supporting Files */ = {
			isa = PBXGroup;
			children = (
				D2932A181B1A15B500531AF0 /* Info.plist */,
			);
			name = "Supporting Files";
			sourceTree = "<group>";
		};
		D2932AC01B1CD26B00531AF0 /* parse-library-1-3 */ = {
			isa = PBXGroup;
			children = (
				D2932AE51B1CD34E00531AF0 /* Social.framework */,
				D2932AE31B1CD34500531AF0 /* Accounts.framework */,
				D2932AE11B1CD33600531AF0 /* libsqlite3.dylib */,
				D2932ADF1B1CD32300531AF0 /* libz.dylib */,
				D2932ADD1B1CD30F00531AF0 /* SystemConfiguration.framework */,
				D2932ADB1B1CD30000531AF0 /* StoreKit.framework */,
				D2932AD91B1CD2F400531AF0 /* Security.framework */,
				D2932AD71B1CD2E800531AF0 /* QuartzCore.framework */,
				D2932AD51B1CD2DC00531AF0 /* MobileCoreServices.framework */,
				D2932AD31B1CD2D300531AF0 /* CoreLocation.framework */,
				D2932AD11B1CD2C700531AF0 /* CoreGraphics.framework */,
				D2932ACF1B1CD2BA00531AF0 /* CFNetwork.framework */,
				D2932ACD1B1CD2A700531AF0 /* AudioToolbox.framework */,
				D2932AC11B1CD26B00531AF0 /* Bolts.framework */,
				D2932AC21B1CD26B00531AF0 /* Parse.framework */,
				D2932AC31B1CD26B00531AF0 /* ParseCrashReporting.framework */,
				D2932AC41B1CD26B00531AF0 /* ParseFacebookUtils.framework */,
				D2932AC51B1CD26B00531AF0 /* ParseFacebookUtilsV4.framework */,
				D2932AC61B1CD26B00531AF0 /* ParseUI.framework */,
			);
			name = "parse-library-1-3";
			path = "../../../../Downloads/parse-library-1-3";
			sourceTree = "<group>";
		};
/* End PBXGroup section */

/* Begin PBXNativeTarget section */
		D29329F91B1A15B500531AF0 /* Stanzanator */ = {
			isa = PBXNativeTarget;
			buildConfigurationList = D2932A1D1B1A15B500531AF0 /* Build configuration list for PBXNativeTarget "Stanzanator" */;
			buildPhases = (
				D29329F61B1A15B500531AF0 /* Sources */,
				D29329F71B1A15B500531AF0 /* Frameworks */,
				D29329F81B1A15B500531AF0 /* Resources */,
			);
			buildRules = (
			);
			dependencies = (
			);
			name = Stanzanator;
			productName = Stanzanator;
			productReference = D29329FA1B1A15B500531AF0 /* Stanzanator.app */;
			productType = "com.apple.product-type.application";
		};
		D2932A121B1A15B500531AF0 /* StanzanatorTests */ = {
			isa = PBXNativeTarget;
			buildConfigurationList = D2932A201B1A15B500531AF0 /* Build configuration list for PBXNativeTarget "StanzanatorTests" */;
			buildPhases = (
				D2932A0F1B1A15B500531AF0 /* Sources */,
				D2932A101B1A15B500531AF0 /* Frameworks */,
				D2932A111B1A15B500531AF0 /* Resources */,
			);
			buildRules = (
			);
			dependencies = (
				D2932A151B1A15B500531AF0 /* PBXTargetDependency */,
			);
			name = StanzanatorTests;
			productName = StanzanatorTests;
			productReference = D2932A131B1A15B500531AF0 /* StanzanatorTests.xctest */;
			productType = "com.apple.product-type.bundle.unit-test";
		};
/* End PBXNativeTarget section */

/* Begin PBXProject section */
		D29329F21B1A15B500531AF0 /* Project object */ = {
			isa = PBXProject;
			attributes = {
				LastUpgradeCheck = 0620;
				ORGANIZATIONNAME = "jonathan thornburg";
				TargetAttributes = {
					D29329F91B1A15B500531AF0 = {
						CreatedOnToolsVersion = 6.2;
					};
					D2932A121B1A15B500531AF0 = {
						CreatedOnToolsVersion = 6.2;
						TestTargetID = D29329F91B1A15B500531AF0;
					};
				};
			};
			buildConfigurationList = D29329F51B1A15B500531AF0 /* Build configuration list for PBXProject "Stanzanator" */;
			compatibilityVersion = "Xcode 3.2";
			developmentRegion = English;
			hasScannedForEncodings = 0;
			knownRegions = (
				en,
				Base,
			);
			mainGroup = D29329F11B1A15B500531AF0;
			productRefGroup = D29329FB1B1A15B500531AF0 /* Products */;
			projectDirPath = "";
			projectRoot = "";
			targets = (
				D29329F91B1A15B500531AF0 /* Stanzanator */,
				D2932A121B1A15B500531AF0 /* StanzanatorTests */,
			);
		};
/* End PBXProject section */

/* Begin PBXResourcesBuildPhase section */
		D29329F81B1A15B500531AF0 /* Resources */ = {
			isa = PBXResourcesBuildPhase;
			buildActionMask = 2147483647;
			files = (
				D2932A091B1A15B500531AF0 /* Main.storyboard in Resources */,
				D2932A0E1B1A15B500531AF0 /* LaunchScreen.xib in Resources */,
				D2932A0B1B1A15B500531AF0 /* Images.xcassets in Resources */,
			);
			runOnlyForDeploymentPostprocessing = 0;
		};
		D2932A111B1A15B500531AF0 /* Resources */ = {
			isa = PBXResourcesBuildPhase;
			buildActionMask = 2147483647;
			files = (
			);
			runOnlyForDeploymentPostprocessing = 0;
		};
/* End PBXResourcesBuildPhase section */

/* Begin PBXSourcesBuildPhase section */
		D29329F61B1A15B500531AF0 /* Sources */ = {
			isa = PBXSourcesBuildPhase;
			buildActionMask = 2147483647;
			files = (
				D2932A281B1A283C00531AF0 /* StanzaViewController.m in Sources */,
				D2932A061B1A15B500531AF0 /* MainViewController.m in Sources */,
				D2A4EF531B3DA347006F19FE /* Thesaurus.m in Sources */,
				D2DBC0FB1B3369840079C15A /* CustomCellTableViewCell.m in Sources */,
				D27C33041B4456ED00AA9FCD /* BalladViewController.m in Sources */,
				D2A4EF561B3DC01F006F19FE /* ThesaurusController.m in Sources */,
				D2932A031B1A15B500531AF0 /* AppDelegate.m in Sources */,
				D24627511B39D38F00A5C296 /* ThesaurusTableViewController.m in Sources */,
				D2932A371B1A436300531AF0 /* TitleTableTableViewController.m in Sources */,
				D2932B5F1B1E5B5F00531AF0 /* PoemToReadViewController.m in Sources */,
				D2932A341B1A3B5A00531AF0 /* SearchViewController.m in Sources */,
				D2932AB91B1CCE0500531AF0 /* PoemController.m in Sources */,
				D2932AB61B1CCDD700531AF0 /* Poem.m in Sources */,
				D2932A251B1A20B200531AF0 /* ProfileViewController.m in Sources */,
				D27C33071B445A4F00AA9FCD /* SearchListTableTableViewController.m in Sources */,
				D2932ABF1B1CCE4B00531AF0 /* ProfileController.m in Sources */,
				D27C33011B44562500AA9FCD /* SonnetViewController.m in Sources */,
				D27C32FE1B44554C00AA9FCD /* LimerickViewController.m in Sources */,
				D2932A001B1A15B500531AF0 /* main.m in Sources */,
				D27C32C31B43395900AA9FCD /* StanzifestoViewController.m in Sources */,
				D27C32FB1B44462A00AA9FCD /* AboutTabBarController.m in Sources */,
			);
			runOnlyForDeploymentPostprocessing = 0;
		};
		D2932A0F1B1A15B500531AF0 /* Sources */ = {
			isa = PBXSourcesBuildPhase;
			buildActionMask = 2147483647;
			files = (
				D2932A1A1B1A15B500531AF0 /* StanzanatorTests.m in Sources */,
			);
			runOnlyForDeploymentPostprocessing = 0;
		};
/* End PBXSourcesBuildPhase section */

/* Begin PBXTargetDependency section */
		D2932A151B1A15B500531AF0 /* PBXTargetDependency */ = {
			isa = PBXTargetDependency;
			target = D29329F91B1A15B500531AF0 /* Stanzanator */;
			targetProxy = D2932A141B1A15B500531AF0 /* PBXContainerItemProxy */;
		};
/* End PBXTargetDependency section */

/* Begin PBXVariantGroup section */
		D2932A071B1A15B500531AF0 /* Main.storyboard */ = {
			isa = PBXVariantGroup;
			children = (
				D2932A081B1A15B500531AF0 /* Base */,
			);
			name = Main.storyboard;
			sourceTree = "<group>";
		};
		D2932A0C1B1A15B500531AF0 /* LaunchScreen.xib */ = {
			isa = PBXVariantGroup;
			children = (
				D2932A0D1B1A15B500531AF0 /* Base */,
			);
			name = LaunchScreen.xib;
			sourceTree = "<group>";
		};
/* End PBXVariantGroup section */

/* Begin XCBuildConfiguration section */
		D2932A1B1B1A15B500531AF0 /* Debug */ = {
			isa = XCBuildConfiguration;
			buildSettings = {
				ALWAYS_SEARCH_USER_PATHS = NO;
				CLANG_CXX_LANGUAGE_STANDARD = "gnu++0x";
				CLANG_CXX_LIBRARY = "libc++";
				CLANG_ENABLE_MODULES = YES;
				CLANG_ENABLE_OBJC_ARC = YES;
				CLANG_WARN_BOOL_CONVERSION = YES;
				CLANG_WARN_CONSTANT_CONVERSION = YES;
				CLANG_WARN_DIRECT_OBJC_ISA_USAGE = YES_ERROR;
				CLANG_WARN_EMPTY_BODY = YES;
				CLANG_WARN_ENUM_CONVERSION = YES;
				CLANG_WARN_INT_CONVERSION = YES;
				CLANG_WARN_OBJC_ROOT_CLASS = YES_ERROR;
				CLANG_WARN_UNREACHABLE_CODE = YES;
				CLANG_WARN__DUPLICATE_METHOD_MATCH = YES;
				"CODE_SIGN_IDENTITY[sdk=iphoneos*]" = "iPhone Developer";
				COPY_PHASE_STRIP = NO;
				ENABLE_STRICT_OBJC_MSGSEND = YES;
				GCC_C_LANGUAGE_STANDARD = gnu99;
				GCC_DYNAMIC_NO_PIC = NO;
				GCC_OPTIMIZATION_LEVEL = 0;
				GCC_PREPROCESSOR_DEFINITIONS = (
					"DEBUG=1",
					"$(inherited)",
				);
				GCC_SYMBOLS_PRIVATE_EXTERN = NO;
				GCC_WARN_64_TO_32_BIT_CONVERSION = YES;
				GCC_WARN_ABOUT_RETURN_TYPE = YES_ERROR;
				GCC_WARN_UNDECLARED_SELECTOR = YES;
				GCC_WARN_UNINITIALIZED_AUTOS = YES_AGGRESSIVE;
				GCC_WARN_UNUSED_FUNCTION = YES;
				GCC_WARN_UNUSED_VARIABLE = YES;
				IPHONEOS_DEPLOYMENT_TARGET = 8.2;
				MTL_ENABLE_DEBUG_INFO = YES;
				ONLY_ACTIVE_ARCH = YES;
				SDKROOT = iphoneos;
			};
			name = Debug;
		};
		D2932A1C1B1A15B500531AF0 /* Release */ = {
			isa = XCBuildConfiguration;
			buildSettings = {
				ALWAYS_SEARCH_USER_PATHS = NO;
				CLANG_CXX_LANGUAGE_STANDARD = "gnu++0x";
				CLANG_CXX_LIBRARY = "libc++";
				CLANG_ENABLE_MODULES = YES;
				CLANG_ENABLE_OBJC_ARC = YES;
				CLANG_WARN_BOOL_CONVERSION = YES;
				CLANG_WARN_CONSTANT_CONVERSION = YES;
				CLANG_WARN_DIRECT_OBJC_ISA_USAGE = YES_ERROR;
				CLANG_WARN_EMPTY_BODY = YES;
				CLANG_WARN_ENUM_CONVERSION = YES;
				CLANG_WARN_INT_CONVERSION = YES;
				CLANG_WARN_OBJC_ROOT_CLASS = YES_ERROR;
				CLANG_WARN_UNREACHABLE_CODE = YES;
				CLANG_WARN__DUPLICATE_METHOD_MATCH = YES;
				"CODE_SIGN_IDENTITY[sdk=iphoneos*]" = "iPhone Developer";
				COPY_PHASE_STRIP = NO;
				ENABLE_NS_ASSERTIONS = NO;
				ENABLE_STRICT_OBJC_MSGSEND = YES;
				GCC_C_LANGUAGE_STANDARD = gnu99;
				GCC_WARN_64_TO_32_BIT_CONVERSION = YES;
				GCC_WARN_ABOUT_RETURN_TYPE = YES_ERROR;
				GCC_WARN_UNDECLARED_SELECTOR = YES;
				GCC_WARN_UNINITIALIZED_AUTOS = YES_AGGRESSIVE;
				GCC_WARN_UNUSED_FUNCTION = YES;
				GCC_WARN_UNUSED_VARIABLE = YES;
				IPHONEOS_DEPLOYMENT_TARGET = 8.2;
				MTL_ENABLE_DEBUG_INFO = NO;
				SDKROOT = iphoneos;
				VALIDATE_PRODUCT = YES;
			};
			name = Release;
		};
		D2932A1E1B1A15B500531AF0 /* Debug */ = {
			isa = XCBuildConfiguration;
			buildSettings = {
				ASSETCATALOG_COMPILER_APPICON_NAME = AppIcon;
				FRAMEWORK_SEARCH_PATHS = (
					"$(inherited)",
					"/Users/jonathanthornburg1/Downloads/parse-library-1-3",
				);
				INFOPLIST_FILE = Stanzanator/Info.plist;
				LD_RUNPATH_SEARCH_PATHS = "$(inherited) @executable_path/Frameworks";
				PRODUCT_NAME = "$(TARGET_NAME)";
			};
			name = Debug;
		};
		D2932A1F1B1A15B500531AF0 /* Release */ = {
			isa = XCBuildConfiguration;
			buildSettings = {
				ASSETCATALOG_COMPILER_APPICON_NAME = AppIcon;
				FRAMEWORK_SEARCH_PATHS = (
					"$(inherited)",
					"/Users/jonathanthornburg1/Downloads/parse-library-1-3",
				);
				INFOPLIST_FILE = Stanzanator/Info.plist;
				LD_RUNPATH_SEARCH_PATHS = "$(inherited) @executable_path/Frameworks";
				PRODUCT_NAME = "$(TARGET_NAME)";
			};
			name = Release;
		};
		D2932A211B1A15B500531AF0 /* Debug */ = {
			isa = XCBuildConfiguration;
			buildSettings = {
				BUNDLE_LOADER = "$(TEST_HOST)";
				FRAMEWORK_SEARCH_PATHS = (
					"$(SDKROOT)/Developer/Library/Frameworks",
					"$(inherited)",
				);
				GCC_PREPROCESSOR_DEFINITIONS = (
					"DEBUG=1",
					"$(inherited)",
				);
				INFOPLIST_FILE = StanzanatorTests/Info.plist;
				LD_RUNPATH_SEARCH_PATHS = "$(inherited) @executable_path/Frameworks @loader_path/Frameworks";
				PRODUCT_NAME = "$(TARGET_NAME)";
				TEST_HOST = "$(BUILT_PRODUCTS_DIR)/Stanzanator.app/Stanzanator";
			};
			name = Debug;
		};
		D2932A221B1A15B500531AF0 /* Release */ = {
			isa = XCBuildConfiguration;
			buildSettings = {
				BUNDLE_LOADER = "$(TEST_HOST)";
				FRAMEWORK_SEARCH_PATHS = (
					"$(SDKROOT)/Developer/Library/Frameworks",
					"$(inherited)",
				);
				INFOPLIST_FILE = StanzanatorTests/Info.plist;
				LD_RUNPATH_SEARCH_PATHS = "$(inherited) @executable_path/Frameworks @loader_path/Frameworks";
				PRODUCT_NAME = "$(TARGET_NAME)";
				TEST_HOST = "$(BUILT_PRODUCTS_DIR)/Stanzanator.app/Stanzanator";
			};
			name = Release;
		};
/* End XCBuildConfiguration section */

/* Begin XCConfigurationList section */
		D29329F51B1A15B500531AF0 /* Build configuration list for PBXProject "Stanzanator" */ = {
			isa = XCConfigurationList;
			buildConfigurations = (
				D2932A1B1B1A15B500531AF0 /* Debug */,
				D2932A1C1B1A15B500531AF0 /* Release */,
			);
			defaultConfigurationIsVisible = 0;
			defaultConfigurationName = Release;
		};
		D2932A1D1B1A15B500531AF0 /* Build configuration list for PBXNativeTarget "Stanzanator" */ = {
			isa = XCConfigurationList;
			buildConfigurations = (
				D2932A1E1B1A15B500531AF0 /* Debug */,
				D2932A1F1B1A15B500531AF0 /* Release */,
			);
			defaultConfigurationIsVisible = 0;
			defaultConfigurationName = Release;
		};
		D2932A201B1A15B500531AF0 /* Build configuration list for PBXNativeTarget "StanzanatorTests" */ = {
			isa = XCConfigurationList;
			buildConfigurations = (
				D2932A211B1A15B500531AF0 /* Debug */,
				D2932A221B1A15B500531AF0 /* Release */,
			);
			defaultConfigurationIsVisible = 0;
			defaultConfigurationName = Release;
		};
/* End XCConfigurationList section */
	};
	rootObject = D29329F21B1A15B500531AF0 /* Project object */;
}
