// !$*UTF8*$!
{
	archiveVersion = 1;
	classes = {
	};
	objectVersion = 46;
	objects = {

/* Begin PBXBuildFile section */
		D2932A001B1A15B500531AF0 /* main.m in Sources */ = {isa = PBXBuildFile; fileRef = D29329FF1B1A15B500531AF0 /* main.m */; };
		D2932A031B1A15B500531AF0 /* AppDelegate.m in Sources */ = {isa = PBXBuildFile; fileRef = D2932A021B1A15B500531AF0 /* AppDelegate.m */; };
		D2932A061B1A15B500531AF0 /* MainViewController.m in Sources */ = {isa = PBXBuildFile; fileRef = D2932A051B1A15B500531AF0 /* MainViewController.m */; };
		D2932A091B1A15B500531AF0 /* Main.storyboard in Resources */ = {isa = PBXBuildFile; fileRef = D2932A071B1A15B500531AF0 /* Main.storyboard */; };
		D2932A0B1B1A15B500531AF0 /* Images.xcassets in Resources */ = {isa = PBXBuildFile; fileRef = D2932A0A1B1A15B500531AF0 /* Images.xcassets */; };
		D2932A0E1B1A15B500531AF0 /* LaunchScreen.xib in Resources */ = {isa = PBXBuildFile; fileRef = D2932A0C1B1A15B500531AF0 /* LaunchScreen.xib */; };
		D2932A1A1B1A15B500531AF0 /* StanzanatorTests.m in Sources */ = {isa = PBXBuildFile; fileRef = D2932A191B1A15B500531AF0 /* StanzanatorTests.m */; };
		D2932A251B1A20B200531AF0 /* ProfileViewController.m in Sources */ = {isa = PBXBuildFile; fileRef = D2932A241B1A20B200531AF0 /* ProfileViewController.m */; };
		D2932A281B1A283C00531AF0 /* StanzaViewController.m in Sources */ = {isa = PBXBuildFile; fileRef = D2932A271B1A283C00531AF0 /* StanzaViewController.m */; };
		D2932A2B1B1A2C0F00531AF0 /* WriteChoiceViewController.m in Sources */ = {isa = PBXBuildFile; fileRef = D2932A2A1B1A2C0F00531AF0 /* WriteChoiceViewController.m */; };
		D2932A2E1B1A2F0100531AF0 /* StanzaURLViewController.m in Sources */ = {isa = PBXBuildFile; fileRef = D2932A2D1B1A2F0100531AF0 /* StanzaURLViewController.m */; };
		D2932A311B1A34F500531AF0 /* TitleOnlyViewController.m in Sources */ = {isa = PBXBuildFile; fileRef = D2932A301B1A34F500531AF0 /* TitleOnlyViewController.m */; };
		D2932A341B1A3B5A00531AF0 /* SearchViewController.m in Sources */ = {isa = PBXBuildFile; fileRef = D2932A331B1A3B5A00531AF0 /* SearchViewController.m */; };
		D2932A371B1A436300531AF0 /* TitleTableTableViewController.m in Sources */ = {isa = PBXBuildFile; fileRef = D2932A361B1A436300531AF0 /* TitleTableTableViewController.m */; };
		D2932A3D1B1AC8C900531AF0 /* CompletedWorkViewController.m in Sources */ = {isa = PBXBuildFile; fileRef = D2932A3C1B1AC8C900531AF0 /* CompletedWorkViewController.m */; };
/* End PBXBuildFile section */

/* Begin PBXContainerItemProxy section */
		D2932A141B1A15B500531AF0 /* PBXContainerItemProxy */ = {
			isa = PBXContainerItemProxy;
			containerPortal = D29329F21B1A15B500531AF0 /* Project object */;
			proxyType = 1;
			remoteGlobalIDString = D29329F91B1A15B500531AF0;
			remoteInfo = Stanzanator;
		};
/* End PBXContainerItemProxy section */

/* Begin PBXFileReference section */
		D29329FA1B1A15B500531AF0 /* Stanzanator.app */ = {isa = PBXFileReference; explicitFileType = wrapper.application; includeInIndex = 0; path = Stanzanator.app; sourceTree = BUILT_PRODUCTS_DIR; };
		D29329FE1B1A15B500531AF0 /* Info.plist */ = {isa = PBXFileReference; lastKnownFileType = text.plist.xml; path = Info.plist; sourceTree = "<group>"; };
		D29329FF1B1A15B500531AF0 /* main.m */ = {isa = PBXFileReference; lastKnownFileType = sourcecode.c.objc; path = main.m; sourceTree = "<group>"; };
		D2932A011B1A15B500531AF0 /* AppDelegate.h */ = {isa = PBXFileReference; lastKnownFileType = sourcecode.c.h; path = AppDelegate.h; sourceTree = "<group>"; };
		D2932A021B1A15B500531AF0 /* AppDelegate.m */ = {isa = PBXFileReference; lastKnownFileType = sourcecode.c.objc; path = AppDelegate.m; sourceTree = "<group>"; };
		D2932A041B1A15B500531AF0 /* MainViewController.h */ = {isa = PBXFileReference; lastKnownFileType = sourcecode.c.h; path = MainViewController.h; sourceTree = "<group>"; };
		D2932A051B1A15B500531AF0 /* MainViewController.m */ = {isa = PBXFileReference; lastKnownFileType = sourcecode.c.objc; path = MainViewController.m; sourceTree = "<group>"; };
		D2932A081B1A15B500531AF0 /* Base */ = {isa = PBXFileReference; lastKnownFileType = file.storyboard; name = Base; path = Base.lproj/Main.storyboard; sourceTree = "<group>"; };
		D2932A0A1B1A15B500531AF0 /* Images.xcassets */ = {isa = PBXFileReference; lastKnownFileType = folder.assetcatalog; path = Images.xcassets; sourceTree = "<group>"; };
		D2932A0D1B1A15B500531AF0 /* Base */ = {isa = PBXFileReference; lastKnownFileType = file.xib; name = Base; path = Base.lproj/LaunchScreen.xib; sourceTree = "<group>"; };
		D2932A131B1A15B500531AF0 /* StanzanatorTests.xctest */ = {isa = PBXFileReference; explicitFileType = wrapper.cfbundle; includeInIndex = 0; path = StanzanatorTests.xctest; sourceTree = BUILT_PRODUCTS_DIR; };
		D2932A181B1A15B500531AF0 /* Info.plist */ = {isa = PBXFileReference; lastKnownFileType = text.plist.xml; path = Info.plist; sourceTree = "<group>"; };
		D2932A191B1A15B500531AF0 /* StanzanatorTests.m */ = {isa = PBXFileReference; lastKnownFileType = sourcecode.c.objc; path = StanzanatorTests.m; sourceTree = "<group>"; };
		D2932A231B1A20B200531AF0 /* ProfileViewController.h */ = {isa = PBXFileReference; fileEncoding = 4; lastKnownFileType = sourcecode.c.h; path = ProfileViewController.h; sourceTree = "<group>"; };
		D2932A241B1A20B200531AF0 /* ProfileViewController.m */ = {isa = PBXFileReference; fileEncoding = 4; lastKnownFileType = sourcecode.c.objc; path = ProfileViewController.m; sourceTree = "<group>"; };
		D2932A261B1A283C00531AF0 /* StanzaViewController.h */ = {isa = PBXFileReference; fileEncoding = 4; lastKnownFileType = sourcecode.c.h; path = StanzaViewController.h; sourceTree = "<group>"; };
		D2932A271B1A283C00531AF0 /* StanzaViewController.m */ = {isa = PBXFileReference; fileEncoding = 4; lastKnownFileType = sourcecode.c.objc; path = StanzaViewController.m; sourceTree = "<group>"; };
		D2932A291B1A2C0F00531AF0 /* WriteChoiceViewController.h */ = {isa = PBXFileReference; fileEncoding = 4; lastKnownFileType = sourcecode.c.h; path = WriteChoiceViewController.h; sourceTree = "<group>"; };
		D2932A2A1B1A2C0F00531AF0 /* WriteChoiceViewController.m */ = {isa = PBXFileReference; fileEncoding = 4; lastKnownFileType = sourcecode.c.objc; path = WriteChoiceViewController.m; sourceTree = "<group>"; };
		D2932A2C1B1A2F0100531AF0 /* StanzaURLViewController.h */ = {isa = PBXFileReference; fileEncoding = 4; lastKnownFileType = sourcecode.c.h; path = StanzaURLViewController.h; sourceTree = "<group>"; };
		D2932A2D1B1A2F0100531AF0 /* StanzaURLViewController.m */ = {isa = PBXFileReference; fileEncoding = 4; lastKnownFileType = sourcecode.c.objc; path = StanzaURLViewController.m; sourceTree = "<group>"; };
		D2932A2F1B1A34F500531AF0 /* TitleOnlyViewController.h */ = {isa = PBXFileReference; fileEncoding = 4; lastKnownFileType = sourcecode.c.h; path = TitleOnlyViewController.h; sourceTree = "<group>"; };
		D2932A301B1A34F500531AF0 /* TitleOnlyViewController.m */ = {isa = PBXFileReference; fileEncoding = 4; lastKnownFileType = sourcecode.c.objc; path = TitleOnlyViewController.m; sourceTree = "<group>"; };
		D2932A321B1A3B5A00531AF0 /* SearchViewController.h */ = {isa = PBXFileReference; fileEncoding = 4; lastKnownFileType = sourcecode.c.h; path = SearchViewController.h; sourceTree = "<group>"; };
		D2932A331B1A3B5A00531AF0 /* SearchViewController.m */ = {isa = PBXFileReference; fileEncoding = 4; lastKnownFileType = sourcecode.c.objc; path = SearchViewController.m; sourceTree = "<group>"; };
		D2932A351B1A436300531AF0 /* TitleTableTableViewController.h */ = {isa = PBXFileReference; fileEncoding = 4; lastKnownFileType = sourcecode.c.h; path = TitleTableTableViewController.h; sourceTree = "<group>"; };
		D2932A361B1A436300531AF0 /* TitleTableTableViewController.m */ = {isa = PBXFileReference; fileEncoding = 4; lastKnownFileType = sourcecode.c.objc; path = TitleTableTableViewController.m; sourceTree = "<group>"; };
		D2932A3B1B1AC8C900531AF0 /* CompletedWorkViewController.h */ = {isa = PBXFileReference; fileEncoding = 4; lastKnownFileType = sourcecode.c.h; name = CompletedWorkViewController.h; path = ../CompletedWorkViewController.h; sourceTree = "<group>"; };
		D2932A3C1B1AC8C900531AF0 /* CompletedWorkViewController.m */ = {isa = PBXFileReference; fileEncoding = 4; lastKnownFileType = sourcecode.c.objc; name = CompletedWorkViewController.m; path = ../CompletedWorkViewController.m; sourceTree = "<group>"; };
/* End PBXFileReference section */

/* Begin PBXFrameworksBuildPhase section */
		D29329F71B1A15B500531AF0 /* Frameworks */ = {
			isa = PBXFrameworksBuildPhase;
			buildActionMask = 2147483647;
			files = (
			);
			runOnlyForDeploymentPostprocessing = 0;
		};
		D2932A101B1A15B500531AF0 /* Frameworks */ = {
			isa = PBXFrameworksBuildPhase;
			buildActionMask = 2147483647;
			files = (
			);
			runOnlyForDeploymentPostprocessing = 0;
		};
/* End PBXFrameworksBuildPhase section */

/* Begin PBXGroup section */
		D29329F11B1A15B500531AF0 = {
			isa = PBXGroup;
			children = (
				D29329FC1B1A15B500531AF0 /* Stanzanator */,
				D2932A161B1A15B500531AF0 /* StanzanatorTests */,
				D29329FB1B1A15B500531AF0 /* Products */,
			);
			sourceTree = "<group>";
		};
		D29329FB1B1A15B500531AF0 /* Products */ = {
			isa = PBXGroup;
			children = (
				D29329FA1B1A15B500531AF0 /* Stanzanator.app */,
				D2932A131B1A15B500531AF0 /* StanzanatorTests.xctest */,
			);
			name = Products;
			sourceTree = "<group>";
		};
		D29329FC1B1A15B500531AF0 /* Stanzanator */ = {
			isa = PBXGroup;
			children = (
				D2932A011B1A15B500531AF0 /* AppDelegate.h */,
				D2932A021B1A15B500531AF0 /* AppDelegate.m */,
				D2932A3B1B1AC8C900531AF0 /* CompletedWorkViewController.h */,
				D2932A3C1B1AC8C900531AF0 /* CompletedWorkViewController.m */,
				D2932A041B1A15B500531AF0 /* MainViewController.h */,
				D2932A051B1A15B500531AF0 /* MainViewController.m */,
				D2932A071B1A15B500531AF0 /* Main.storyboard */,
				D2932A351B1A436300531AF0 /* TitleTableTableViewController.h */,
				D2932A361B1A436300531AF0 /* TitleTableTableViewController.m */,
				D2932A321B1A3B5A00531AF0 /* SearchViewController.h */,
				D2932A331B1A3B5A00531AF0 /* SearchViewController.m */,
				D2932A2F1B1A34F500531AF0 /* TitleOnlyViewController.h */,
				D2932A301B1A34F500531AF0 /* TitleOnlyViewController.m */,
				D2932A2C1B1A2F0100531AF0 /* StanzaURLViewController.h */,
				D2932A2D1B1A2F0100531AF0 /* StanzaURLViewController.m */,
				D2932A291B1A2C0F00531AF0 /* WriteChoiceViewController.h */,
				D2932A2A1B1A2C0F00531AF0 /* WriteChoiceViewController.m */,
				D2932A261B1A283C00531AF0 /* StanzaViewController.h */,
				D2932A271B1A283C00531AF0 /* StanzaViewController.m */,
				D2932A231B1A20B200531AF0 /* ProfileViewController.h */,
				D2932A241B1A20B200531AF0 /* ProfileViewController.m */,
				D2932A0A1B1A15B500531AF0 /* Images.xcassets */,
				D2932A0C1B1A15B500531AF0 /* LaunchScreen.xib */,
				D29329FD1B1A15B500531AF0 /* Supporting Files */,
			);
			path = Stanzanator;
			sourceTree = "<group>";
		};
		D29329FD1B1A15B500531AF0 /* Supporting Files */ = {
			isa = PBXGroup;
			children = (
				D29329FE1B1A15B500531AF0 /* Info.plist */,
				D29329FF1B1A15B500531AF0 /* main.m */,
			);
			name = "Supporting Files";
			sourceTree = "<group>";
		};
		D2932A161B1A15B500531AF0 /* StanzanatorTests */ = {
			isa = PBXGroup;
			children = (
				D2932A191B1A15B500531AF0 /* StanzanatorTests.m */,
				D2932A171B1A15B500531AF0 /* Supporting Files */,
			);
			path = StanzanatorTests;
			sourceTree = "<group>";
		};
		D2932A171B1A15B500531AF0 /* Supporting Files */ = {
			isa = PBXGroup;
			children = (
				D2932A181B1A15B500531AF0 /* Info.plist */,
			);
			name = "Supporting Files";
			sourceTree = "<group>";
		};
/* End PBXGroup section */

/* Begin PBXNativeTarget section */
		D29329F91B1A15B500531AF0 /* Stanzanator */ = {
			isa = PBXNativeTarget;
			buildConfigurationList = D2932A1D1B1A15B500531AF0 /* Build configuration list for PBXNativeTarget "Stanzanator" */;
			buildPhases = (
				D29329F61B1A15B500531AF0 /* Sources */,
				D29329F71B1A15B500531AF0 /* Frameworks */,
				D29329F81B1A15B500531AF0 /* Resources */,
			);
			buildRules = (
			);
			dependencies = (
			);
			name = Stanzanator;
			productName = Stanzanator;
			productReference = D29329FA1B1A15B500531AF0 /* Stanzanator.app */;
			productType = "com.apple.product-type.application";
		};
		D2932A121B1A15B500531AF0 /* StanzanatorTests */ = {
			isa = PBXNativeTarget;
			buildConfigurationList = D2932A201B1A15B500531AF0 /* Build configuration list for PBXNativeTarget "StanzanatorTests" */;
			buildPhases = (
				D2932A0F1B1A15B500531AF0 /* Sources */,
				D2932A101B1A15B500531AF0 /* Frameworks */,
				D2932A111B1A15B500531AF0 /* Resources */,
			);
			buildRules = (
			);
			dependencies = (
				D2932A151B1A15B500531AF0 /* PBXTargetDependency */,
			);
			name = StanzanatorTests;
			productName = StanzanatorTests;
			productReference = D2932A131B1A15B500531AF0 /* StanzanatorTests.xctest */;
			productType = "com.apple.product-type.bundle.unit-test";
		};
/* End PBXNativeTarget section */

/* Begin PBXProject section */
		D29329F21B1A15B500531AF0 /* Project object */ = {
			isa = PBXProject;
			attributes = {
				LastUpgradeCheck = 0620;
				ORGANIZATIONNAME = "jonathan thornburg";
				TargetAttributes = {
					D29329F91B1A15B500531AF0 = {
						CreatedOnToolsVersion = 6.2;
					};
					D2932A121B1A15B500531AF0 = {
						CreatedOnToolsVersion = 6.2;
						TestTargetID = D29329F91B1A15B500531AF0;
					};
				};
			};
			buildConfigurationList = D29329F51B1A15B500531AF0 /* Build configuration list for PBXProject "Stanzanator" */;
			compatibilityVersion = "Xcode 3.2";
			developmentRegion = English;
			hasScannedForEncodings = 0;
			knownRegions = (
				en,
				Base,
			);
			mainGroup = D29329F11B1A15B500531AF0;
			productRefGroup = D29329FB1B1A15B500531AF0 /* Products */;
			projectDirPath = "";
			projectRoot = "";
			targets = (
				D29329F91B1A15B500531AF0 /* Stanzanator */,
				D2932A121B1A15B500531AF0 /* StanzanatorTests */,
			);
		};
/* End PBXProject section */

/* Begin PBXResourcesBuildPhase section */
		D29329F81B1A15B500531AF0 /* Resources */ = {
			isa = PBXResourcesBuildPhase;
			buildActionMask = 2147483647;
			files = (
				D2932A091B1A15B500531AF0 /* Main.storyboard in Resources */,
				D2932A0E1B1A15B500531AF0 /* LaunchScreen.xib in Resources */,
				D2932A0B1B1A15B500531AF0 /* Images.xcassets in Resources */,
			);
			runOnlyForDeploymentPostprocessing = 0;
		};
		D2932A111B1A15B500531AF0 /* Resources */ = {
			isa = PBXResourcesBuildPhase;
			buildActionMask = 2147483647;
			files = (
			);
			runOnlyForDeploymentPostprocessing = 0;
		};
/* End PBXResourcesBuildPhase section */

/* Begin PBXSourcesBuildPhase section */
		D29329F61B1A15B500531AF0 /* Sources */ = {
			isa = PBXSourcesBuildPhase;
			buildActionMask = 2147483647;
			files = (
				D2932A281B1A283C00531AF0 /* StanzaViewController.m in Sources */,
				D2932A061B1A15B500531AF0 /* MainViewController.m in Sources */,
				D2932A031B1A15B500531AF0 /* AppDelegate.m in Sources */,
				D2932A371B1A436300531AF0 /* TitleTableTableViewController.m in Sources */,
				D2932A2B1B1A2C0F00531AF0 /* WriteChoiceViewController.m in Sources */,
				D2932A341B1A3B5A00531AF0 /* SearchViewController.m in Sources */,
				D2932A251B1A20B200531AF0 /* ProfileViewController.m in Sources */,
				D2932A3D1B1AC8C900531AF0 /* CompletedWorkViewController.m in Sources */,
				D2932A2E1B1A2F0100531AF0 /* StanzaURLViewController.m in Sources */,
				D2932A001B1A15B500531AF0 /* main.m in Sources */,
				D2932A311B1A34F500531AF0 /* TitleOnlyViewController.m in Sources */,
			);
			runOnlyForDeploymentPostprocessing = 0;
		};
		D2932A0F1B1A15B500531AF0 /* Sources */ = {
			isa = PBXSourcesBuildPhase;
			buildActionMask = 2147483647;
			files = (
				D2932A1A1B1A15B500531AF0 /* StanzanatorTests.m in Sources */,
			);
			runOnlyForDeploymentPostprocessing = 0;
		};
/* End PBXSourcesBuildPhase section */

/* Begin PBXTargetDependency section */
		D2932A151B1A15B500531AF0 /* PBXTargetDependency */ = {
			isa = PBXTargetDependency;
			target = D29329F91B1A15B500531AF0 /* Stanzanator */;
			targetProxy = D2932A141B1A15B500531AF0 /* PBXContainerItemProxy */;
		};
/* End PBXTargetDependency section */

/* Begin PBXVariantGroup section */
		D2932A071B1A15B500531AF0 /* Main.storyboard */ = {
			isa = PBXVariantGroup;
			children = (
				D2932A081B1A15B500531AF0 /* Base */,
			);
			name = Main.storyboard;
			sourceTree = "<group>";
		};
		D2932A0C1B1A15B500531AF0 /* LaunchScreen.xib */ = {
			isa = PBXVariantGroup;
			children = (
				D2932A0D1B1A15B500531AF0 /* Base */,
			);
			name = LaunchScreen.xib;
			sourceTree = "<group>";
		};
/* End PBXVariantGroup section */

/* Begin XCBuildConfiguration section */
		D2932A1B1B1A15B500531AF0 /* Debug */ = {
			isa = XCBuildConfiguration;
			buildSettings = {
				ALWAYS_SEARCH_USER_PATHS = NO;
				CLANG_CXX_LANGUAGE_STANDARD = "gnu++0x";
				CLANG_CXX_LIBRARY = "libc++";
				CLANG_ENABLE_MODULES = YES;
				CLANG_ENABLE_OBJC_ARC = YES;
				CLANG_WARN_BOOL_CONVERSION = YES;
				CLANG_WARN_CONSTANT_CONVERSION = YES;
				CLANG_WARN_DIRECT_OBJC_ISA_USAGE = YES_ERROR;
				CLANG_WARN_EMPTY_BODY = YES;
				CLANG_WARN_ENUM_CONVERSION = YES;
				CLANG_WARN_INT_CONVERSION = YES;
				CLANG_WARN_OBJC_ROOT_CLASS = YES_ERROR;
				CLANG_WARN_UNREACHABLE_CODE = YES;
				CLANG_WARN__DUPLICATE_METHOD_MATCH = YES;
				"CODE_SIGN_IDENTITY[sdk=iphoneos*]" = "iPhone Developer";
				COPY_PHASE_STRIP = NO;
				ENABLE_STRICT_OBJC_MSGSEND = YES;
				GCC_C_LANGUAGE_STANDARD = gnu99;
				GCC_DYNAMIC_NO_PIC = NO;
				GCC_OPTIMIZATION_LEVEL = 0;
				GCC_PREPROCESSOR_DEFINITIONS = (
					"DEBUG=1",
					"$(inherited)",
				);
				GCC_SYMBOLS_PRIVATE_EXTERN = NO;
				GCC_WARN_64_TO_32_BIT_CONVERSION = YES;
				GCC_WARN_ABOUT_RETURN_TYPE = YES_ERROR;
				GCC_WARN_UNDECLARED_SELECTOR = YES;
				GCC_WARN_UNINITIALIZED_AUTOS = YES_AGGRESSIVE;
				GCC_WARN_UNUSED_FUNCTION = YES;
				GCC_WARN_UNUSED_VARIABLE = YES;
				IPHONEOS_DEPLOYMENT_TARGET = 8.2;
				MTL_ENABLE_DEBUG_INFO = YES;
				ONLY_ACTIVE_ARCH = YES;
				SDKROOT = iphoneos;
			};
			name = Debug;
		};
		D2932A1C1B1A15B500531AF0 /* Release */ = {
			isa = XCBuildConfiguration;
			buildSettings = {
				ALWAYS_SEARCH_USER_PATHS = NO;
				CLANG_CXX_LANGUAGE_STANDARD = "gnu++0x";
				CLANG_CXX_LIBRARY = "libc++";
				CLANG_ENABLE_MODULES = YES;
				CLANG_ENABLE_OBJC_ARC = YES;
				CLANG_WARN_BOOL_CONVERSION = YES;
				CLANG_WARN_CONSTANT_CONVERSION = YES;
				CLANG_WARN_DIRECT_OBJC_ISA_USAGE = YES_ERROR;
				CLANG_WARN_EMPTY_BODY = YES;
				CLANG_WARN_ENUM_CONVERSION = YES;
				CLANG_WARN_INT_CONVERSION = YES;
				CLANG_WARN_OBJC_ROOT_CLASS = YES_ERROR;
				CLANG_WARN_UNREACHABLE_CODE = YES;
				CLANG_WARN__DUPLICATE_METHOD_MATCH = YES;
				"CODE_SIGN_IDENTITY[sdk=iphoneos*]" = "iPhone Developer";
				COPY_PHASE_STRIP = NO;
				ENABLE_NS_ASSERTIONS = NO;
				ENABLE_STRICT_OBJC_MSGSEND = YES;
				GCC_C_LANGUAGE_STANDARD = gnu99;
				GCC_WARN_64_TO_32_BIT_CONVERSION = YES;
				GCC_WARN_ABOUT_RETURN_TYPE = YES_ERROR;
				GCC_WARN_UNDECLARED_SELECTOR = YES;
				GCC_WARN_UNINITIALIZED_AUTOS = YES_AGGRESSIVE;
				GCC_WARN_UNUSED_FUNCTION = YES;
				GCC_WARN_UNUSED_VARIABLE = YES;
				IPHONEOS_DEPLOYMENT_TARGET = 8.2;
				MTL_ENABLE_DEBUG_INFO = NO;
				SDKROOT = iphoneos;
				VALIDATE_PRODUCT = YES;
			};
			name = Release;
		};
		D2932A1E1B1A15B500531AF0 /* Debug */ = {
			isa = XCBuildConfiguration;
			buildSettings = {
				ASSETCATALOG_COMPILER_APPICON_NAME = AppIcon;
				INFOPLIST_FILE = Stanzanator/Info.plist;
				LD_RUNPATH_SEARCH_PATHS = "$(inherited) @executable_path/Frameworks";
				PRODUCT_NAME = "$(TARGET_NAME)";
			};
			name = Debug;
		};
		D2932A1F1B1A15B500531AF0 /* Release */ = {
			isa = XCBuildConfiguration;
			buildSettings = {
				ASSETCATALOG_COMPILER_APPICON_NAME = AppIcon;
				INFOPLIST_FILE = Stanzanator/Info.plist;
				LD_RUNPATH_SEARCH_PATHS = "$(inherited) @executable_path/Frameworks";
				PRODUCT_NAME = "$(TARGET_NAME)";
			};
			name = Release;
		};
		D2932A211B1A15B500531AF0 /* Debug */ = {
			isa = XCBuildConfiguration;
			buildSettings = {
				BUNDLE_LOADER = "$(TEST_HOST)";
				FRAMEWORK_SEARCH_PATHS = (
					"$(SDKROOT)/Developer/Library/Frameworks",
					"$(inherited)",
				);
				GCC_PREPROCESSOR_DEFINITIONS = (
					"DEBUG=1",
					"$(inherited)",
				);
				INFOPLIST_FILE = StanzanatorTests/Info.plist;
				LD_RUNPATH_SEARCH_PATHS = "$(inherited) @executable_path/Frameworks @loader_path/Frameworks";
				PRODUCT_NAME = "$(TARGET_NAME)";
				TEST_HOST = "$(BUILT_PRODUCTS_DIR)/Stanzanator.app/Stanzanator";
			};
			name = Debug;
		};
		D2932A221B1A15B500531AF0 /* Release */ = {
			isa = XCBuildConfiguration;
			buildSettings = {
				BUNDLE_LOADER = "$(TEST_HOST)";
				FRAMEWORK_SEARCH_PATHS = (
					"$(SDKROOT)/Developer/Library/Frameworks",
					"$(inherited)",
				);
				INFOPLIST_FILE = StanzanatorTests/Info.plist;
				LD_RUNPATH_SEARCH_PATHS = "$(inherited) @executable_path/Frameworks @loader_path/Frameworks";
				PRODUCT_NAME = "$(TARGET_NAME)";
				TEST_HOST = "$(BUILT_PRODUCTS_DIR)/Stanzanator.app/Stanzanator";
			};
			name = Release;
		};
/* End XCBuildConfiguration section */

/* Begin XCConfigurationList section */
		D29329F51B1A15B500531AF0 /* Build configuration list for PBXProject "Stanzanator" */ = {
			isa = XCConfigurationList;
			buildConfigurations = (
				D2932A1B1B1A15B500531AF0 /* Debug */,
				D2932A1C1B1A15B500531AF0 /* Release */,
			);
			defaultConfigurationIsVisible = 0;
			defaultConfigurationName = Release;
		};
		D2932A1D1B1A15B500531AF0 /* Build configuration list for PBXNativeTarget "Stanzanator" */ = {
			isa = XCConfigurationList;
			buildConfigurations = (
				D2932A1E1B1A15B500531AF0 /* Debug */,
				D2932A1F1B1A15B500531AF0 /* Release */,
			);
			defaultConfigurationIsVisible = 0;
			defaultConfigurationName = Release;
		};
		D2932A201B1A15B500531AF0 /* Build configuration list for PBXNativeTarget "StanzanatorTests" */ = {
			isa = XCConfigurationList;
			buildConfigurations = (
				D2932A211B1A15B500531AF0 /* Debug */,
				D2932A221B1A15B500531AF0 /* Release */,
			);
			defaultConfigurationIsVisible = 0;
			defaultConfigurationName = Release;
		};
/* End XCConfigurationList section */
	};
	rootObject = D29329F21B1A15B500531AF0 /* Project object */;
}
